
Microsoft Visual Studio Solution File, Format Version 12.00
# Visual Studio Express 2013 for Web
VisualStudioVersion = 12.0.21005.1
MinimumVisualStudioVersion = 10.0.40219.1
Project("{FAE04EC0-301F-11D3-BF4B-00C04F79EFBC}") = "TomKamphuis.Helper", "TomKamphuis.Helper\TomKamphuis.Helper.csproj", "{748DD694-BD8F-4C79-9C09-9DA4B15785E9}"
EndProject
Project("{FAE04EC0-301F-11D3-BF4B-00C04F79EFBC}") = "TomKamphuis.Helper.Tests", "TomKamphuis.Helper.Tests\TomKamphuis.Helper.Tests.csproj", "{216FDA09-1575-48B0-845B-D95212C6EC4A}"
EndProject
Project("{FAE04EC0-301F-11D3-BF4B-00C04F79EFBC}") = "TomKamphuis.Caching", "TomKamphuis.Caching\TomKamphuis.Caching.csproj", "{45FB2189-EF61-422D-94D0-2AD7ACBF8218}"
EndProject
Project("{FAE04EC0-301F-11D3-BF4B-00C04F79EFBC}") = "TomKamphuis.Caching.Tests", "TomKamphuis.Caching.Tests\TomKamphuis.Caching.Tests.csproj", "{7D0590B1-450B-4D08-974C-C7911D4091EA}"
EndProject
Global
	GlobalSection(SolutionConfigurationPlatforms) = preSolution
		Debug|Any CPU = Debug|Any CPU
		Release|Any CPU = Release|Any CPU
	EndGlobalSection
	GlobalSection(ProjectConfigurationPlatforms) = postSolution
		{748DD694-BD8F-4C79-9C09-9DA4B15785E9}.Debug|Any CPU.ActiveCfg = Debug|Any CPU
		{748DD694-BD8F-4C79-9C09-9DA4B15785E9}.Debug|Any CPU.Build.0 = Debug|Any CPU
		{748DD694-BD8F-4C79-9C09-9DA4B15785E9}.Release|Any CPU.ActiveCfg = Release|Any CPU
		{748DD694-BD8F-4C79-9C09-9DA4B15785E9}.Release|Any CPU.Build.0 = Release|Any CPU
		{216FDA09-1575-48B0-845B-D95212C6EC4A}.Debug|Any CPU.ActiveCfg = Debug|Any CPU
		{216FDA09-1575-48B0-845B-D95212C6EC4A}.Debug|Any CPU.Build.0 = Debug|Any CPU
		{216FDA09-1575-48B0-845B-D95212C6EC4A}.Release|Any CPU.ActiveCfg = Release|Any CPU
		{216FDA09-1575-48B0-845B-D95212C6EC4A}.Release|Any CPU.Build.0 = Release|Any CPU
		{45FB2189-EF61-422D-94D0-2AD7ACBF8218}.Debug|Any CPU.ActiveCfg = Debug|Any CPU
		{45FB2189-EF61-422D-94D0-2AD7ACBF8218}.Debug|Any CPU.Build.0 = Debug|Any CPU
		{45FB2189-EF61-422D-94D0-2AD7ACBF8218}.Release|Any CPU.ActiveCfg = Release|Any CPU
		{45FB2189-EF61-422D-94D0-2AD7ACBF8218}.Release|Any CPU.Build.0 = Release|Any CPU
		{7D0590B1-450B-4D08-974C-C7911D4091EA}.Debug|Any CPU.ActiveCfg = Debug|Any CPU
		{7D0590B1-450B-4D08-974C-C7911D4091EA}.Debug|Any CPU.Build.0 = Debug|Any CPU
		{7D0590B1-450B-4D08-974C-C7911D4091EA}.Release|Any CPU.ActiveCfg = Release|Any CPU
		{7D0590B1-450B-4D08-974C-C7911D4091EA}.Release|Any CPU.Build.0 = Release|Any CPU
	EndGlobalSection
	GlobalSection(SolutionProperties) = preSolution
		HideSolutionNode = FALSE
	EndGlobalSection
EndGlobal
